
Microsoft Visual Studio Solution File, Format Version 12.00
# Visual Studio Version 17
VisualStudioVersion = 17.0.32014.148
MinimumVisualStudioVersion = 10.0.40219.1
Project("{9A19103F-16F7-4668-BE54-9A1E7A4F7556}") = "RiseTechnology.Contact.API", "RiseTechnology.Contact.API\RiseTechnology.Contact.API.csproj", "{69F43F45-DA76-4AD4-8935-8E7CBAF7044D}"
EndProject
Project("{9A19103F-16F7-4668-BE54-9A1E7A4F7556}") = "RiseTechnology.Common", "RiseTechnology.Common\RiseTechnology.Common.csproj", "{023BEEA5-49DC-4E98-AFCE-88C198B75798}"
EndProject
Project("{9A19103F-16F7-4668-BE54-9A1E7A4F7556}") = "RiseTechnology.Report.API", "RiseTechnology.Report.API\RiseTechnology.Report.API.csproj", "{63321F68-D6D8-4C1F-8F09-47C24EC5339B}"
EndProject
Project("{9A19103F-16F7-4668-BE54-9A1E7A4F7556}") = "RiseTechnology.Report.Consumer", "RiseTechnology.Report.Consumer\RiseTechnology.Report.Consumer.csproj", "{B092FAA7-86D0-4AF7-A2D1-E15A7875A602}"
EndProject
Project("{2150E333-8FDC-42A3-9474-1A3956D46DE8}") = "Solution Items", "Solution Items", "{AC683FEA-3FAE-42A4-843F-A3D0E800F057}"
	ProjectSection(SolutionItems) = preProject
		docker-compose.yml = docker-compose.yml
	EndProjectSection
EndProject
Global
	GlobalSection(SolutionConfigurationPlatforms) = preSolution
		Debug|Any CPU = Debug|Any CPU
		Release|Any CPU = Release|Any CPU
	EndGlobalSection
	GlobalSection(ProjectConfigurationPlatforms) = postSolution
		{69F43F45-DA76-4AD4-8935-8E7CBAF7044D}.Debug|Any CPU.ActiveCfg = Debug|Any CPU
		{69F43F45-DA76-4AD4-8935-8E7CBAF7044D}.Debug|Any CPU.Build.0 = Debug|Any CPU
		{69F43F45-DA76-4AD4-8935-8E7CBAF7044D}.Release|Any CPU.ActiveCfg = Release|Any CPU
		{69F43F45-DA76-4AD4-8935-8E7CBAF7044D}.Release|Any CPU.Build.0 = Release|Any CPU
		{023BEEA5-49DC-4E98-AFCE-88C198B75798}.Debug|Any CPU.ActiveCfg = Debug|Any CPU
		{023BEEA5-49DC-4E98-AFCE-88C198B75798}.Debug|Any CPU.Build.0 = Debug|Any CPU
		{023BEEA5-49DC-4E98-AFCE-88C198B75798}.Release|Any CPU.ActiveCfg = Release|Any CPU
		{023BEEA5-49DC-4E98-AFCE-88C198B75798}.Release|Any CPU.Build.0 = Release|Any CPU
		{63321F68-D6D8-4C1F-8F09-47C24EC5339B}.Debug|Any CPU.ActiveCfg = Debug|Any CPU
		{63321F68-D6D8-4C1F-8F09-47C24EC5339B}.Debug|Any CPU.Build.0 = Debug|Any CPU
		{63321F68-D6D8-4C1F-8F09-47C24EC5339B}.Release|Any CPU.ActiveCfg = Release|Any CPU
		{63321F68-D6D8-4C1F-8F09-47C24EC5339B}.Release|Any CPU.Build.0 = Release|Any CPU
		{B092FAA7-86D0-4AF7-A2D1-E15A7875A602}.Debug|Any CPU.ActiveCfg = Debug|Any CPU
		{B092FAA7-86D0-4AF7-A2D1-E15A7875A602}.Debug|Any CPU.Build.0 = Debug|Any CPU
		{B092FAA7-86D0-4AF7-A2D1-E15A7875A602}.Release|Any CPU.ActiveCfg = Release|Any CPU
		{B092FAA7-86D0-4AF7-A2D1-E15A7875A602}.Release|Any CPU.Build.0 = Release|Any CPU
	EndGlobalSection
	GlobalSection(SolutionProperties) = preSolution
		HideSolutionNode = FALSE
	EndGlobalSection
	GlobalSection(ExtensibilityGlobals) = postSolution
		SolutionGuid = {5B965690-E2A4-4BE9-BDD4-D2363C918BED}
	EndGlobalSection
EndGlobal
